# This file is autogenerated, do not edit; changes may be undone by the next 'dep ensure'.


[[projects]]
  name = "github.com/golang/protobuf"
  packages = [
    "jsonpb",
    "proto",
    "ptypes/struct"
  ]
  revision = "925541529c1fa6821df4e44ce2723319eb2be768"
  version = "v1.0.0"

[[projects]]
  name = "github.com/rs/cors"
  packages = ["."]
  revision = "feef513b9575b32f84bafa580aad89b011259019"
  version = "v1.3.0"

[[projects]]
  branch = "v6_streams_alpha"
  name = "github.com/twitchtv/twirp"
  packages = [
    ".",
    "ctxsetters",
    "internal/contextkeys"
  ]
  revision = "3623780ebf425990ba9fd5d3f5d4f6524d1a6c87"
  source = "github.com/gnarbox/twirp"

[solve-meta]
  analyzer-name = "dep"
  analyzer-version = 1
  inputs-digest = "96e93d56b7a7474c85e1b7ed367af4e723d0107eda1579c708df09aeb44055ba"
  solver-name = "gps-cdcl"
  solver-version = 1
