# This file is autogenerated, do not edit; changes may be undone by the next 'dep ensure'.


[[projects]]
  name = "github.com/golang/protobuf"
  packages = [
    "jsonpb",
    "proto",
    "ptypes/struct"
  ]
  revision = "925541529c1fa6821df4e44ce2723319eb2be768"
  version = "v1.0.0"

[[projects]]
  name = "github.com/rs/cors"
  packages = ["."]
  revision = "feef513b9575b32f84bafa580aad89b011259019"
  version = "v1.3.0"

[[projects]]
  branch = "master"
  name = "github.com/twitchtv/twirp"
  packages = [
    ".",
    "ctxsetters",
    "internal/contextkeys"
  ]
  revision = "d947385d8d1d54990ce7c87126c2374c1b86c7ea"

[solve-meta]
  analyzer-name = "dep"
  analyzer-version = 1
  inputs-digest = "97adc9993ea6c1a8cb6a283a1babbc87a7dfc37b9ec01f1a2969b7247e289ebf"
  solver-name = "gps-cdcl"
  solver-version = 1
